{
  "name": "React_Training_Fp",
  "lockfileVersion": 3,
  "requires": true,
  "packages": {
    "": {
      "dependencies": {
        "randomize": "^0.0.4"
      }
    },
    "node_modules/randomize": {
      "version": "0.0.4",
      "resolved": "https://registry.npmjs.org/randomize/-/randomize-0.0.4.tgz",
      "integrity": "sha512-FBZ1w0h+1t6JZMasmrT+hseK4gBddF0tJ0yhw69k6nytZR2aA3h6DMWuUXBlj69DZZRsrDIWcA2jgwp3A6oeog==",
      "dependencies": {
        "underscore": "~1.4.4"
      }
    },
    "node_modules/underscore": {
      "version": "1.4.4",
      "resolved": "https://registry.npmjs.org/underscore/-/underscore-1.4.4.tgz",
      "integrity": "sha512-ZqGrAgaqqZM7LGRzNjLnw5elevWb5M8LEoDMadxIW3OWbcv72wMMgKdwOKpd5Fqxe8choLD8HN3iSj3TUh/giQ=="
    }
  }
}
